
Microsoft Visual Studio Solution File, Format Version 12.00
# Visual Studio 15
VisualStudioVersion = 15.0.26430.16
MinimumVisualStudioVersion = 10.0.40219.1
Project("{FAE04EC0-301F-11D3-BF4B-00C04F79EFBC}") = "Dargon_Jump_Jump", "Dargon_Jump_Jump\Dargon_Jump_Jump.csproj", "{C5AF5D3C-C7A2-466E-8CA1-0D66E8F1811E}"
EndProject
Global
	GlobalSection(SolutionConfigurationPlatforms) = preSolution
		Debug|Any CPU = Debug|Any CPU
		Release|Any CPU = Release|Any CPU
	EndGlobalSection
	GlobalSection(ProjectConfigurationPlatforms) = postSolution
		{C5AF5D3C-C7A2-466E-8CA1-0D66E8F1811E}.Debug|Any CPU.ActiveCfg = Debug|Any CPU
		{C5AF5D3C-C7A2-466E-8CA1-0D66E8F1811E}.Debug|Any CPU.Build.0 = Debug|Any CPU
		{C5AF5D3C-C7A2-466E-8CA1-0D66E8F1811E}.Release|Any CPU.ActiveCfg = Release|Any CPU
		{C5AF5D3C-C7A2-466E-8CA1-0D66E8F1811E}.Release|Any CPU.Build.0 = Release|Any CPU
	EndGlobalSection
	GlobalSection(SolutionProperties) = preSolution
		HideSolutionNode = FALSE
	EndGlobalSection
EndGlobal
